{
  "nodes": {
    "nixpkgs": {
      "flake": false,
      "locked": {
        "lastModified": 1522825351,
        "narHash": "sha256-jtxfSXmc07z8U3l0+TuUCSHcd8BgkapvUzjUN7fwZEI=",
        "owner": "nixos",
        "repo": "nixpkgs",
        "rev": "120b013e0c082d58a5712cde0a7371ae8b25a601",
        "type": "github"
      },
      "original": {
        "owner": "nixos",
        "ref": "18.03",
        "repo": "nixpkgs",
        "type": "github"
      }
    },
    "root": {
      "inputs": {
        "nixpkgs": "nixpkgs"
      }
    }
  },
  "root": "root",
  "version": 7
}
